github.com/elazarl/goproxy v0.0.0-20200315184450-1f3cb6622dad h1:zPs0fNF2Io1Qytf92EI2CDJ9oCXZr+NmjEVexrUEdq4=
github.com/elazarl/goproxy v0.0.0-20200315184450-1f3cb6622dad/go.mod h1:Ro8st/ElPeALwNFlcTpWmkr6IoMFfkjXAvTHpevnDsM=
github.com/elazarl/goproxy/ext v0.0.0-20190711103511-473e67f1d7d2 h1:dWB6v3RcOy03t/bUadywsbyrQwCqZeNIEX6M1OtSZOM=
github.com/elazarl/goproxy/ext v0.0.0-20190711103511-473e67f1d7d2/go.mod h1:gNh8nYJoAm43RfaxurUnxr+N1PwuFV3ZMl/efxlIlY8=
github.com/mach-spotqa/goproxy/ext v0.0.0-20200401122705-332baba5710e h1:Eq644rTECmITC5iUJtGjGO5c0RDPYw3VCOx8BREsUtQ=
github.com/mach-spotqa/goproxy/ext v0.0.0-20200401122705-332baba5710e/go.mod h1:SdKATPGS0K2VqjL+dzWVgJw1jIJ42P2A5sk/fy2qT18=
github.com/rogpeppe/go-charset v0.0.0-20180617210344-2471d30d28b4/go.mod h1:qgYeAmZ5ZIpBWTGllZSQnw97Dj+woV0toclVaRGI8pc=
