github.com/mach-spotqa/goproxy/ext v0.0.0-20200401122705-332baba5710e h1:Eq644rTECmITC5iUJtGjGO5c0RDPYw3VCOx8BREsUtQ=
github.com/mach-spotqa/goproxy/ext v0.0.0-20200401122705-332baba5710e/go.mod h1:SdKATPGS0K2VqjL+dzWVgJw1jIJ42P2A5sk/fy2qT18=
github.com/rogpeppe/go-charset v0.0.0-20180617210344-2471d30d28b4/go.mod h1:qgYeAmZ5ZIpBWTGllZSQnw97Dj+woV0toclVaRGI8pc=
