github.com/coder/websocket v1.8.13 h1:f3QZdXy7uGVz+4uCJy2nTZyM0yTBj8yANEHhqlXZ9FE=
github.com/coder/websocket v1.8.13/go.mod h1:LNVeNrXQZfe5qhS9ALED3uA+l5pPqvwXg3CKoDBB2gs=
github.com/davecgh/go-spew v1.1.1 h1:vj9j/u1bqnvCEfJOwUhtlOARqs3+rkHYY13jYWTU97c=
github.com/elazarl/goproxy/ext v0.0.0-20250117123040-e9229c451ab8 h1:rGxOExXmpBcmZc4ZnEXBGkcxSReZx7S9ECtuv6BtUYQ=
github.com/elazarl/goproxy/ext v0.0.0-20250117123040-e9229c451ab8/go.mod h1:q2JQCFWg+AQfe6O2cbf7LJDB48R68w+q0pBU53v02iM=
github.com/inconshreveable/go-vhost v1.0.0 h1:IK4VZTlXL4l9vz2IZoiSFbYaaqUW7dXJAiPriUN5Ur8=
github.com/inconshreveable/go-vhost v1.0.0/go.mod h1:aA6DnFhALT3zH0y+A39we+zbrdMC2N0X/q21e6FI0LU=
github.com/pmezard/go-difflib v1.0.0 h1:4DBwDE0NGyQoBHbLQYPwSUPoCMWR5BEzIk/f1lZbAQM=
github.com/stretchr/testify v1.10.0 h1:Xv5erBjTwe/5IxqUQTdXv5kgmIvbHo3QQyRwhJsOfJA=
golang.org/x/net v0.35.0 h1:T5GQRQb2y08kTAByq9L4/bz8cipCdA8FbRTXewonqY8=
golang.org/x/net v0.35.0/go.mod h1:EglIi67kWsHKlRzzVMUD93VMSWGFOMSZgxFjparz1Qk=
golang.org/x/text v0.22.0 h1:bofq7m3/HAFvbF51jz3Q9wLg3jkvSPuiZu/pD1XwgtM=
golang.org/x/text v0.22.0/go.mod h1:YRoo4H8PVmsu+E3Ou7cqLVH8oXWIHVoX0jqUWALQhfY=
gopkg.in/yaml.v3 v3.0.1 h1:fxVm/GzAzEWqLHuvctI91KS9hhNmmWOoWu0XTYJS7CA=
