github.com/elazarl/goproxy/ext v0.0.0-20190711103511-473e67f1d7d2/go.mod h1:gNh8nYJoAm43RfaxurUnxr+N1PwuFV3ZMl/efxlIlY8=
github.com/inconshreveable/go-vhost v0.0.0-20160627193104-06d84117953b h1:IpLPmn6Re21F0MaV6Zsc5RdSE6KuoFpWmHiUSEs3PrE=
github.com/inconshreveable/go-vhost v0.0.0-20160627193104-06d84117953b/go.mod h1:aA6DnFhALT3zH0y+A39we+zbrdMC2N0X/q21e6FI0LU=
github.com/rogpeppe/go-charset v0.0.0-20180617210344-2471d30d28b4/go.mod h1:qgYeAmZ5ZIpBWTGllZSQnw97Dj+woV0toclVaRGI8pc=
