github.com/hazcod/goproxy v0.0.0-20200915072859-4a2db01fc5a4 h1:3NO4Wbj+dMuYqmjJWA4PJF/6KLi954KyNAcWFfYGy7c=
github.com/hazcod/goproxy v0.0.0-20200915072859-4a2db01fc5a4/go.mod h1:XoLI6W4sjp7uxFifuHn7+ZK9zg7mZy7zeFmButr4iNs=
github.com/rogpeppe/go-charset v0.0.0-20180617210344-2471d30d28b4 h1:BN/Nyn2nWMoqGRA7G7paDNDqTXE30mXGqzzybrfo05w=
github.com/rogpeppe/go-charset v0.0.0-20180617210344-2471d30d28b4/go.mod h1:qgYeAmZ5ZIpBWTGllZSQnw97Dj+woV0toclVaRGI8pc=
