github.com/hazcod/goproxy v0.0.0-20200915072859-4a2db01fc5a4 h1:3NO4Wbj+dMuYqmjJWA4PJF/6KLi954KyNAcWFfYGy7c=
github.com/hazcod/goproxy v0.0.0-20200915072859-4a2db01fc5a4/go.mod h1:XoLI6W4sjp7uxFifuHn7+ZK9zg7mZy7zeFmButr4iNs=
github.com/paulrosania/go-charset v0.0.0-20190326053356-55c9d7a5834c h1:P6XGcuPTigoHf4TSu+3D/7QOQ1MbL6alNwrGhcW7sKw=
github.com/paulrosania/go-charset v0.0.0-20190326053356-55c9d7a5834c/go.mod h1:YnNlZP7l4MhyGQ4CBRwv6ohZTPrUJJZtEv4ZgADkbs4=
